
Microsoft Visual Studio Solution File, Format Version 12.00
# Visual Studio Version 16
VisualStudioVersion = 16.0.29926.136
MinimumVisualStudioVersion = 10.0.40219.1
Project("{FAE04EC0-301F-11D3-BF4B-00C04F79EFBC}") = "EDUProjects", "EDUProjects\EDUProjects.csproj", "{32F853B9-2874-431A-B123-32BFCC3C4A97}"
EndProject
Project("{FAE04EC0-301F-11D3-BF4B-00C04F79EFBC}") = "EDUProjects.ApplicationLogic", "EDUProjects.ApplicationLogic\EDUProjects.ApplicationLogic.csproj", "{88F1A502-E14F-4F40-A9F6-7558E26F45DD}"
EndProject
Project("{FAE04EC0-301F-11D3-BF4B-00C04F79EFBC}") = "EDUProjects.DataAccess", "EDUProjects.DataAccess\EDUProjects.DataAccess.csproj", "{AF6502FF-8383-4DB8-9402-7E298D856659}"
EndProject
Global
	GlobalSection(SolutionConfigurationPlatforms) = preSolution
		Debug|Any CPU = Debug|Any CPU
		Release|Any CPU = Release|Any CPU
	EndGlobalSection
	GlobalSection(ProjectConfigurationPlatforms) = postSolution
		{32F853B9-2874-431A-B123-32BFCC3C4A97}.Debug|Any CPU.ActiveCfg = Debug|Any CPU
		{32F853B9-2874-431A-B123-32BFCC3C4A97}.Debug|Any CPU.Build.0 = Debug|Any CPU
		{32F853B9-2874-431A-B123-32BFCC3C4A97}.Release|Any CPU.ActiveCfg = Release|Any CPU
		{32F853B9-2874-431A-B123-32BFCC3C4A97}.Release|Any CPU.Build.0 = Release|Any CPU
		{88F1A502-E14F-4F40-A9F6-7558E26F45DD}.Debug|Any CPU.ActiveCfg = Debug|Any CPU
		{88F1A502-E14F-4F40-A9F6-7558E26F45DD}.Debug|Any CPU.Build.0 = Debug|Any CPU
		{88F1A502-E14F-4F40-A9F6-7558E26F45DD}.Release|Any CPU.ActiveCfg = Release|Any CPU
		{88F1A502-E14F-4F40-A9F6-7558E26F45DD}.Release|Any CPU.Build.0 = Release|Any CPU
		{AF6502FF-8383-4DB8-9402-7E298D856659}.Debug|Any CPU.ActiveCfg = Debug|Any CPU
		{AF6502FF-8383-4DB8-9402-7E298D856659}.Debug|Any CPU.Build.0 = Debug|Any CPU
		{AF6502FF-8383-4DB8-9402-7E298D856659}.Release|Any CPU.ActiveCfg = Release|Any CPU
		{AF6502FF-8383-4DB8-9402-7E298D856659}.Release|Any CPU.Build.0 = Release|Any CPU
	EndGlobalSection
	GlobalSection(SolutionProperties) = preSolution
		HideSolutionNode = FALSE
	EndGlobalSection
	GlobalSection(ExtensibilityGlobals) = postSolution
		SolutionGuid = {9F010BF1-5AE8-4C18-94F4-06B6FADD5480}
	EndGlobalSection
EndGlobal
