
Microsoft Visual Studio Solution File, Format Version 12.00
# Visual Studio 15
VisualStudioVersion = 15.0.28307.438
MinimumVisualStudioVersion = 10.0.40219.1
Project("{FAE04EC0-301F-11D3-BF4B-00C04F79EFBC}") = "EDUProject", "EDUProject\EDUProject.csproj", "{3D09E646-986A-40B4-A4F9-B6882B1F7D9A}"
EndProject
Project("{FAE04EC0-301F-11D3-BF4B-00C04F79EFBC}") = "EDUProject.CoreBL", "EDUProject.CoreBL\EDUProject.CoreBL.csproj", "{526A1F06-C371-4E12-9E5D-CC761A05FA03}"
EndProject
Project("{FAE04EC0-301F-11D3-BF4B-00C04F79EFBC}") = "EDUProject.DataAccess", "EDUProject.DataAccess\EDUProject.DataAccess.csproj", "{148CF8DB-2B99-40A7-9147-95F741108BF8}"
EndProject
Global
	GlobalSection(SolutionConfigurationPlatforms) = preSolution
		Debug|Any CPU = Debug|Any CPU
		Release|Any CPU = Release|Any CPU
	EndGlobalSection
	GlobalSection(ProjectConfigurationPlatforms) = postSolution
		{3D09E646-986A-40B4-A4F9-B6882B1F7D9A}.Debug|Any CPU.ActiveCfg = Debug|Any CPU
		{3D09E646-986A-40B4-A4F9-B6882B1F7D9A}.Debug|Any CPU.Build.0 = Debug|Any CPU
		{3D09E646-986A-40B4-A4F9-B6882B1F7D9A}.Release|Any CPU.ActiveCfg = Release|Any CPU
		{3D09E646-986A-40B4-A4F9-B6882B1F7D9A}.Release|Any CPU.Build.0 = Release|Any CPU
		{526A1F06-C371-4E12-9E5D-CC761A05FA03}.Debug|Any CPU.ActiveCfg = Debug|Any CPU
		{526A1F06-C371-4E12-9E5D-CC761A05FA03}.Debug|Any CPU.Build.0 = Debug|Any CPU
		{526A1F06-C371-4E12-9E5D-CC761A05FA03}.Release|Any CPU.ActiveCfg = Release|Any CPU
		{526A1F06-C371-4E12-9E5D-CC761A05FA03}.Release|Any CPU.Build.0 = Release|Any CPU
		{148CF8DB-2B99-40A7-9147-95F741108BF8}.Debug|Any CPU.ActiveCfg = Debug|Any CPU
		{148CF8DB-2B99-40A7-9147-95F741108BF8}.Debug|Any CPU.Build.0 = Debug|Any CPU
		{148CF8DB-2B99-40A7-9147-95F741108BF8}.Release|Any CPU.ActiveCfg = Release|Any CPU
		{148CF8DB-2B99-40A7-9147-95F741108BF8}.Release|Any CPU.Build.0 = Release|Any CPU
	EndGlobalSection
	GlobalSection(SolutionProperties) = preSolution
		HideSolutionNode = FALSE
	EndGlobalSection
	GlobalSection(ExtensibilityGlobals) = postSolution
		SolutionGuid = {8266A2BF-BBDE-421C-8210-017C4DE2C07F}
	EndGlobalSection
EndGlobal
